
Microsoft Visual Studio Solution File, Format Version 12.00
# Visual Studio Version 17
VisualStudioVersion = 17.7.34031.279
MinimumVisualStudioVersion = 10.0.40219.1
Project("{888888A0-9F3D-457C-B088-3A5042F75D52}") = "PY_Convert_BMP_to_Other_Format", "PY_Convert_BMP_to_Other_Format.pyproj", "{CAD7F0E6-97A2-4C8B-9330-0AB58417AABE}"
EndProject
Global
	GlobalSection(SolutionConfigurationPlatforms) = preSolution
		Debug|Any CPU = Debug|Any CPU
		Release|Any CPU = Release|Any CPU
	EndGlobalSection
	GlobalSection(ProjectConfigurationPlatforms) = postSolution
		{CAD7F0E6-97A2-4C8B-9330-0AB58417AABE}.Debug|Any CPU.ActiveCfg = Debug|Any CPU
		{CAD7F0E6-97A2-4C8B-9330-0AB58417AABE}.Release|Any CPU.ActiveCfg = Release|Any CPU
	EndGlobalSection
	GlobalSection(SolutionProperties) = preSolution
		HideSolutionNode = FALSE
	EndGlobalSection
	GlobalSection(ExtensibilityGlobals) = postSolution
		SolutionGuid = {F89D90FB-737F-406F-9BE1-6491878DE59F}
	EndGlobalSection
EndGlobal
